
Microsoft Visual Studio Solution File, Format Version 12.00
# Visual Studio 2012
Project("{FAE04EC0-301F-11D3-BF4B-00C04F79EFBC}") = "Leikjavefur", "Leikjavefur\Leikjavefur.csproj", "{E8F71777-CD8A-4BAC-9695-A00F60C30590}"
EndProject
Project("{FAE04EC0-301F-11D3-BF4B-00C04F79EFBC}") = "Leikjavefur_Test", "Leikjavefur_Test\Leikjavefur_Test.csproj", "{CDCAB8D9-EFE6-4782-BA4D-7C0B3ABD7B19}"
EndProject
Global
	GlobalSection(SolutionConfigurationPlatforms) = preSolution
		Debug|Any CPU = Debug|Any CPU
		Release|Any CPU = Release|Any CPU
	EndGlobalSection
	GlobalSection(ProjectConfigurationPlatforms) = postSolution
		{E8F71777-CD8A-4BAC-9695-A00F60C30590}.Debug|Any CPU.ActiveCfg = Debug|Any CPU
		{E8F71777-CD8A-4BAC-9695-A00F60C30590}.Debug|Any CPU.Build.0 = Debug|Any CPU
		{E8F71777-CD8A-4BAC-9695-A00F60C30590}.Release|Any CPU.ActiveCfg = Release|Any CPU
		{E8F71777-CD8A-4BAC-9695-A00F60C30590}.Release|Any CPU.Build.0 = Release|Any CPU
		{CDCAB8D9-EFE6-4782-BA4D-7C0B3ABD7B19}.Debug|Any CPU.ActiveCfg = Debug|Any CPU
		{CDCAB8D9-EFE6-4782-BA4D-7C0B3ABD7B19}.Debug|Any CPU.Build.0 = Debug|Any CPU
		{CDCAB8D9-EFE6-4782-BA4D-7C0B3ABD7B19}.Release|Any CPU.ActiveCfg = Release|Any CPU
		{CDCAB8D9-EFE6-4782-BA4D-7C0B3ABD7B19}.Release|Any CPU.Build.0 = Release|Any CPU
	EndGlobalSection
	GlobalSection(SolutionProperties) = preSolution
		HideSolutionNode = FALSE
	EndGlobalSection
EndGlobal
